{
  "name": "Tailwindsite02",
  "version": "1.0.0",
  "lockfileVersion": 1,
  "requires": true,
  "dependencies": {
    "prettier-plugin-tailwindcss": {
      "version": "0.2.7",
      "resolved": "https://registry.npmjs.org/prettier-plugin-tailwindcss/-/prettier-plugin-tailwindcss-0.2.7.tgz",
      "integrity": "sha512-jQopIOgjLpX+y8HeD56XZw7onupRTC0cw7eKKUimI7vhjkPF5/1ltW5LyqaPtSyc8HvEpvNZsvvsGFa2qpa59w==",
      "dev": true
    }
  }
}
